
Microsoft Visual Studio Solution File, Format Version 12.00
# Visual Studio Version 17
VisualStudioVersion = 17.5.002.0
MinimumVisualStudioVersion = 10.0.40219.1
Project("{9A19103F-16F7-4668-BE54-9A1E7A4F7556}") = "billy-authentication-api", "billy-authentication-api.csproj", "{FE1421C3-A441-4C3B-AC16-267434004BCC}"
EndProject
Global
	GlobalSection(SolutionConfigurationPlatforms) = preSolution
		Debug|Any CPU = Debug|Any CPU
		Release|Any CPU = Release|Any CPU
	EndGlobalSection
	GlobalSection(ProjectConfigurationPlatforms) = postSolution
		{FE1421C3-A441-4C3B-AC16-267434004BCC}.Debug|Any CPU.ActiveCfg = Debug|Any CPU
		{FE1421C3-A441-4C3B-AC16-267434004BCC}.Debug|Any CPU.Build.0 = Debug|Any CPU
		{FE1421C3-A441-4C3B-AC16-267434004BCC}.Release|Any CPU.ActiveCfg = Release|Any CPU
		{FE1421C3-A441-4C3B-AC16-267434004BCC}.Release|Any CPU.Build.0 = Release|Any CPU
	EndGlobalSection
	GlobalSection(SolutionProperties) = preSolution
		HideSolutionNode = FALSE
	EndGlobalSection
	GlobalSection(ExtensibilityGlobals) = postSolution
		SolutionGuid = {EE9B69D0-A5C5-4CA9-ABE0-05767AF0A9B8}
	EndGlobalSection
EndGlobal
